
Microsoft Visual Studio Solution File, Format Version 12.00
# Visual Studio 15
VisualStudioVersion = 15.0.27703.2026
MinimumVisualStudioVersion = 10.0.40219.1
Project("{9A19103F-16F7-4668-BE54-9A1E7A4F7556}") = "dead-letter-processing-function-app", "dead-letter-processing-function-app.csproj", "{55DD97BF-4018-4409-8630-91D43985F3A5}"
EndProject
Global
	GlobalSection(SolutionConfigurationPlatforms) = preSolution
		Debug|Any CPU = Debug|Any CPU
		Release|Any CPU = Release|Any CPU
	EndGlobalSection
	GlobalSection(ProjectConfigurationPlatforms) = postSolution
		{55DD97BF-4018-4409-8630-91D43985F3A5}.Debug|Any CPU.ActiveCfg = Debug|Any CPU
		{55DD97BF-4018-4409-8630-91D43985F3A5}.Debug|Any CPU.Build.0 = Debug|Any CPU
		{55DD97BF-4018-4409-8630-91D43985F3A5}.Release|Any CPU.ActiveCfg = Release|Any CPU
		{55DD97BF-4018-4409-8630-91D43985F3A5}.Release|Any CPU.Build.0 = Release|Any CPU
	EndGlobalSection
	GlobalSection(SolutionProperties) = preSolution
		HideSolutionNode = FALSE
	EndGlobalSection
	GlobalSection(ExtensibilityGlobals) = postSolution
		SolutionGuid = {77D75BEC-3145-45C9-A417-B1A994E1CD85}
	EndGlobalSection
EndGlobal
